
Microsoft Visual Studio Solution File, Format Version 12.00
# Visual Studio Version 16
VisualStudioVersion = 16.0.31129.286
MinimumVisualStudioVersion = 10.0.40219.1
Project("{FAE04EC0-301F-11D3-BF4B-00C04F79EFBC}") = "work1", "work1\work1.csproj", "{172325B1-67EE-4331-8509-2A44CBF67914}"
EndProject
Global
	GlobalSection(SolutionConfigurationPlatforms) = preSolution
		Debug|Any CPU = Debug|Any CPU
		Release|Any CPU = Release|Any CPU
	EndGlobalSection
	GlobalSection(ProjectConfigurationPlatforms) = postSolution
		{172325B1-67EE-4331-8509-2A44CBF67914}.Debug|Any CPU.ActiveCfg = Debug|Any CPU
		{172325B1-67EE-4331-8509-2A44CBF67914}.Debug|Any CPU.Build.0 = Debug|Any CPU
		{172325B1-67EE-4331-8509-2A44CBF67914}.Release|Any CPU.ActiveCfg = Release|Any CPU
		{172325B1-67EE-4331-8509-2A44CBF67914}.Release|Any CPU.Build.0 = Release|Any CPU
	EndGlobalSection
	GlobalSection(SolutionProperties) = preSolution
		HideSolutionNode = FALSE
	EndGlobalSection
	GlobalSection(ExtensibilityGlobals) = postSolution
		SolutionGuid = {82401664-DC44-43A0-A5C2-026CC71F08AC}
	EndGlobalSection
EndGlobal
